{"version":4,"terraform_version":"1.8.7","serial":7,"lineage":"514ceb4c-d5cb-2228-77c4-633b11c30b4f","outputs":{"RDS_endpoint":{"value":"flaskapp-database.cnwsmwgk6f58.us-east-1.rds.amazonaws.com:3306","type":"string"},"alb_dns_name":{"value":"FlaskApp-ALB-413347025.us-east-1.elb.amazonaws.com","type":"string"},"bastion_host_public_ip":{"value":"54.159.117.23","type":"string"},"my_ip":{"value":"193.190.124.107","type":"string"}},"resources":[{"mode":"data","type":"aws_caller_identity","name":"current","provider":"provider[\"registry.opentofu.org/hashicorp/aws\"]","instances":[{"schema_version":0,"attributes":{"account_id":"058264427980","arn":"arn:aws:sts::058264427980:assumed-role/voclabs/user3527548=Niels_Janssen","id":"058264427980","user_id":"AROAQ3EGUTXGCZ5LWKSU7:user3527548=Niels_Janssen"},"sensitive_attributes":[]}]},{"mode":"data","type":"http","name":"my_ip","provider":"provider[\"registry.opentofu.org/hashicorp/http\"]","instances":[{"schema_version":0,"attributes":{"body":"193.190.124.107","ca_cert_pem":null,"id":"https://api.ipify.org","insecure":null,"method":null,"request_body":null,"request_headers":null,"request_timeout_ms":null,"response_body":"193.190.124.107","response_body_base64":"MTkzLjE5MC4xMjQuMTA3","response_headers":{"Cf-Cache-Status":"DYNAMIC","Cf-Ray":"8f4fd7a0be4083c6-BRU","Content-Length":"15","Content-Type":"text/plain","Date":"Fri, 20 Dec 2024 13:05:09 GMT","Server":"cloudflare","Server-Timing":"cfL4;desc=\"?proto=TCP\u0026rtt=12311\u0026min_rtt=4325\u0026rtt_var=13128\u0026sent=7\u0026recv=9\u0026lost=0\u0026retrans=0\u0026sent_bytes=3171\u0026recv_bytes=520\u0026delivery_rate=546589\u0026cwnd=253\u0026unsent_bytes=0\u0026cid=8a7e7fccc8c74651\u0026ts=173\u0026x=0\"","Vary":"Origin"},"retry":null,"status_code":200,"url":"https://api.ipify.org"},"sensitive_attributes":[]}]},{"mode":"managed","type":"aws_alb","name":"flaskapp-alb","provider":"provider[\"registry.opentofu.org/hashicorp/aws\"]","instances":[{"schema_version":0,"attributes":{"access_logs":[{"bucket":"","enabled":false,"prefix":""}],"arn":"arn:aws:elasticloadbalancing:us-east-1:058264427980:loadbalancer/app/FlaskApp-ALB/8045e169ce83f0fd","arn_suffix":"app/FlaskApp-ALB/8045e169ce83f0fd","client_keep_alive":3600,"connection_logs":[{"bucket":"","enabled":false,"prefix":""}],"customer_owned_ipv4_pool":"","desync_mitigation_mode":"defensive","dns_name":"FlaskApp-ALB-413347025.us-east-1.elb.amazonaws.com","dns_record_client_routing_policy":null,"drop_invalid_header_fields":false,"enable_cross_zone_load_balancing":true,"enable_deletion_protection":false,"enable_http2":true,"enable_tls_version_and_cipher_suite_headers":false,"enable_waf_fail_open":false,"enable_xff_client_port":false,"enable_zonal_shift":false,"enforce_security_group_inbound_rules_on_private_link_traffic":"","id":"arn:aws:elasticloadbalancing:us-east-1:058264427980:loadbalancer/app/FlaskApp-ALB/8045e169ce83f0fd","idle_timeout":60,"internal":false,"ip_address_type":"ipv4","load_balancer_type":"application","name":"FlaskApp-ALB","name_prefix":"","preserve_host_header":false,"security_groups":["sg-06bb7378cf368b760"],"subnet_mapping":[{"allocation_id":"","ipv6_address":"","outpost_id":"","private_ipv4_address":"","subnet_id":"subnet-014b05d2919385d24"},{"allocation_id":"","ipv6_address":"","outpost_id":"","private_ipv4_address":"","subnet_id":"subnet-0842614c4b400d26e"}],"subnets":["subnet-014b05d2919385d24","subnet-0842614c4b400d26e"],"tags":{},"tags_all":{},"timeouts":null,"vpc_id":"vpc-0a3132214121339be","xff_header_processing_mode":"append","zone_id":"Z35SXDOTRQ7X7K"},"sensitive_attributes":[],"private":"eyJlMmJmYjczMC1lY2FhLTExZTYtOGY4OC0zNDM2M2JjN2M0YzAiOnsiY3JlYXRlIjo2MDAwMDAwMDAwMDAsImRlbGV0ZSI6NjAwMDAwMDAwMDAwLCJ1cGRhdGUiOjYwMDAwMDAwMDAwMH19","dependencies":["aws_security_group.http","aws_subnet.public_a","aws_subnet.public_b","aws_vpc.flaskapp_vpc"]}]},{"mode":"managed","type":"aws_alb_listener","name":"http","provider":"provider[\"registry.opentofu.org/hashicorp/aws\"]","instances":[{"schema_version":0,"attributes":{"alpn_policy":null,"arn":"arn:aws:elasticloadbalancing:us-east-1:058264427980:listener/app/FlaskApp-ALB/8045e169ce83f0fd/33812b6611f56de6","certificate_arn":null,"default_action":[{"authenticate_cognito":[],"authenticate_oidc":[],"fixed_response":[],"forward":[],"order":1,"redirect":[],"target_group_arn":"arn:aws:elasticloadbalancing:us-east-1:058264427980:targetgroup/FlaskApp-TG/a3bcc75b39bd7d35","type":"forward"}],"id":"arn:aws:elasticloadbalancing:us-east-1:058264427980:listener/app/FlaskApp-ALB/8045e169ce83f0fd/33812b6611f56de6","load_balancer_arn":"arn:aws:elasticloadbalancing:us-east-1:058264427980:loadbalancer/app/FlaskApp-ALB/8045e169ce83f0fd","mutual_authentication":[],"port":80,"protocol":"HTTP","ssl_policy":"","tags":{},"tags_all":{},"tcp_idle_timeout_seconds":null,"timeouts":null},"sensitive_attributes":[],"private":"eyJlMmJmYjczMC1lY2FhLTExZTYtOGY4OC0zNDM2M2JjN2M0YzAiOnsiY3JlYXRlIjozMDAwMDAwMDAwMDAsInVwZGF0ZSI6MzAwMDAwMDAwMDAwfX0=","dependencies":["aws_alb.flaskapp-alb","aws_lb_target_group.flaskapp-tg","aws_security_group.http","aws_subnet.public_a","aws_subnet.public_b","aws_vpc.flaskapp_vpc"]}]},{"mode":"managed","type":"aws_appautoscaling_policy","name":"auto_scaling","provider":"provider[\"registry.opentofu.org/hashicorp/aws\"]","instances":[{"schema_version":0,"attributes":{"alarm_arns":["arn:aws:cloudwatch:us-east-1:058264427980:alarm:TargetTracking-service/web-server/FlaskApp-Service-AlarmHigh-f2b178a8-eefe-4ccd-8a36-a904c6b59259","arn:aws:cloudwatch:us-east-1:058264427980:alarm:TargetTracking-service/web-server/FlaskApp-Service-AlarmLow-632fdf47-67b9-491d-a9bf-f10d0b9ed504"],"arn":"arn:aws:autoscaling:us-east-1:058264427980:scalingPolicy:216dc82c-9c86-4838-b764-6cd57990f8fa:resource/ecs/service/web-server/FlaskApp-Service:policyName/Auto Scaling","id":"Auto Scaling","name":"Auto Scaling","policy_type":"TargetTrackingScaling","resource_id":"service/web-server/FlaskApp-Service","scalable_dimension":"ecs:service:DesiredCount","service_namespace":"ecs","step_scaling_policy_configuration":[],"target_tracking_scaling_policy_configuration":[{"customized_metric_specification":[],"disable_scale_in":false,"predefined_metric_specification":[{"predefined_metric_type":"ECSServiceAverageCPUUtilization","resource_label":""}],"scale_in_cooldown":300,"scale_out_cooldown":300,"target_value":70}]},"sensitive_attributes":[],"private":"bnVsbA==","dependencies":["aws_appautoscaling_target.flaskapp","aws_db_instance.flaskapp","aws_db_subnet_group.flaskapp","aws_ecr_repository.flaskapp_repo","aws_ecs_cluster.web-cluster","aws_ecs_service.flaskapp","aws_ecs_task_definition.FlaskApp","aws_lb_target_group.flaskapp-tg","aws_security_group.flaskapp_db_sg","aws_security_group.http","aws_subnet.private_a","aws_subnet.private_b","aws_vpc.flaskapp_vpc","random_password.flaskapp_db_password"]}]},{"mode":"managed","type":"aws_appautoscaling_target","name":"flaskapp","provider":"provider[\"registry.opentofu.org/hashicorp/aws\"]","instances":[{"schema_version":0,"attributes":{"arn":"arn:aws:application-autoscaling:us-east-1:058264427980:scalable-target/0ec5216dc82c9c864838b7646cd57990f8fa","id":"service/web-server/FlaskApp-Service","max_capacity":2,"min_capacity":1,"resource_id":"service/web-server/FlaskApp-Service","role_arn":"arn:aws:iam::058264427980:role/aws-service-role/ecs.application-autoscaling.amazonaws.com/AWSServiceRoleForApplicationAutoScaling_ECSService","scalable_dimension":"ecs:service:DesiredCount","service_namespace":"ecs","suspended_state":[{"dynamic_scaling_in_suspended":false,"dynamic_scaling_out_suspended":false,"scheduled_scaling_suspended":false}],"tags":null,"tags_all":{}},"sensitive_attributes":[],"private":"bnVsbA==","dependencies":["aws_db_instance.flaskapp","aws_db_subnet_group.flaskapp","aws_ecr_repository.flaskapp_repo","aws_ecs_cluster.web-cluster","aws_ecs_service.flaskapp","aws_ecs_task_definition.FlaskApp","aws_lb_target_group.flaskapp-tg","aws_security_group.flaskapp_db_sg","aws_security_group.http","aws_subnet.private_a","aws_subnet.private_b","aws_vpc.flaskapp_vpc","random_password.flaskapp_db_password"]}]},{"mode":"managed","type":"aws_cloudwatch_log_group","name":"ecs_log_group","provider":"provider[\"registry.opentofu.org/hashicorp/aws\"]","instances":[{"schema_version":0,"attributes":{"arn":"arn:aws:logs:us-east-1:058264427980:log-group:/ecs/FlaskApp","id":"/ecs/FlaskApp","kms_key_id":"","log_group_class":"STANDARD","name":"/ecs/FlaskApp","name_prefix":"","retention_in_days":7,"skip_destroy":false,"tags":{},"tags_all":{}},"sensitive_attributes":[],"private":"bnVsbA=="}]},{"mode":"managed","type":"aws_db_instance","name":"flaskapp","provider":"provider[\"registry.opentofu.org/hashicorp/aws\"]","instances":[{"schema_version":2,"attributes":{"address":"flaskapp-database.cnwsmwgk6f58.us-east-1.rds.amazonaws.com","allocated_storage":20,"allow_major_version_upgrade":null,"apply_immediately":false,"arn":"arn:aws:rds:us-east-1:058264427980:db:flaskapp-database","auto_minor_version_upgrade":true,"availability_zone":"us-east-1b","backup_retention_period":7,"backup_target":"region","backup_window":"04:15-04:45","blue_green_update":[],"ca_cert_identifier":"rds-ca-rsa2048-g1","character_set_name":"","copy_tags_to_snapshot":false,"custom_iam_instance_profile":"","customer_owned_ip_enabled":false,"db_name":"flaskappdb","db_subnet_group_name":"flaskapp-db-subnet-group","dedicated_log_volume":false,"delete_automated_backups":true,"deletion_protection":true,"domain":"","domain_auth_secret_arn":"","domain_dns_ips":[],"domain_fqdn":"","domain_iam_role_name":"","domain_ou":"","enabled_cloudwatch_logs_exports":[],"endpoint":"flaskapp-database.cnwsmwgk6f58.us-east-1.rds.amazonaws.com:3306","engine":"mysql","engine_lifecycle_support":"open-source-rds-extended-support","engine_version":"8.0","engine_version_actual":"8.0.39","final_snapshot_identifier":null,"hosted_zone_id":"Z2R2ITUGPM61AM","iam_database_authentication_enabled":false,"id":"db-BNPKMKIADXSI3C33O54NTWGDSM","identifier":"flaskapp-database","identifier_prefix":"","instance_class":"db.t4g.micro","iops":0,"kms_key_id":"arn:aws:kms:us-east-1:058264427980:key/aab5e84a-2e0a-46ef-b38d-6f37630d2603","latest_restorable_time":"2024-12-20T13:00:02Z","license_model":"general-public-license","listener_endpoint":[],"maintenance_window":"sat:09:17-sat:09:47","manage_master_user_password":null,"master_user_secret":[],"master_user_secret_kms_key_id":null,"max_allocated_storage":100,"monitoring_interval":0,"monitoring_role_arn":"","multi_az":false,"nchar_character_set_name":"","network_type":"IPV4","option_group_name":"default:mysql-8-0","parameter_group_name":"default.mysql8.0","password":"IMfhmwBP[+bI[ZDO}kYNIlt^","performance_insights_enabled":false,"performance_insights_kms_key_id":"","performance_insights_retention_period":0,"port":3306,"publicly_accessible":false,"replica_mode":"","replicas":[],"replicate_source_db":"","resource_id":"db-BNPKMKIADXSI3C33O54NTWGDSM","restore_to_point_in_time":[],"s3_import":[],"skip_final_snapshot":true,"snapshot_identifier":null,"status":"available","storage_encrypted":true,"storage_throughput":0,"storage_type":"gp2","tags":{"Name":"flaskapp-database"},"tags_all":{"Name":"flaskapp-database"},"timeouts":null,"timezone":"","upgrade_storage_config":null,"username":"db_user","vpc_security_group_ids":["sg-0055135461d5a4887"]},"sensitive_attributes":[[{"type":"get_attr","value":"password"}]],"private":"eyJlMmJmYjczMC1lY2FhLTExZTYtOGY4OC0zNDM2M2JjN2M0YzAiOnsiY3JlYXRlIjozMDAwMDAwMDAwMDAwLCJkZWxldGUiOjM2MDAwMDAwMDAwMDAsInVwZGF0ZSI6NDgwMDAwMDAwMDAwMH0sInNjaGVtYV92ZXJzaW9uIjoiMiJ9","dependencies":["aws_db_subnet_group.flaskapp","aws_security_group.flaskapp_db_sg","aws_subnet.private_a","aws_subnet.private_b","aws_vpc.flaskapp_vpc","random_password.flaskapp_db_password"]}]},{"mode":"managed","type":"aws_db_subnet_group","name":"flaskapp","provider":"provider[\"registry.opentofu.org/hashicorp/aws\"]","instances":[{"schema_version":0,"attributes":{"arn":"arn:aws:rds:us-east-1:058264427980:subgrp:flaskapp-db-subnet-group","description":"Managed by Terraform","id":"flaskapp-db-subnet-group","name":"flaskapp-db-subnet-group","name_prefix":"","subnet_ids":["subnet-05ecc00e4c4cf06a3","subnet-0d5e27e1ed6eff9f2"],"supported_network_types":["IPV4"],"tags":{"Name":"flaskapp-db-subnet-group"},"tags_all":{"Name":"flaskapp-db-subnet-group"},"vpc_id":"vpc-0a3132214121339be"},"sensitive_attributes":[],"private":"bnVsbA==","dependencies":["aws_subnet.private_a","aws_subnet.private_b","aws_vpc.flaskapp_vpc"]}]},{"mode":"managed","type":"aws_ecr_repository","name":"flaskapp_repo","provider":"provider[\"registry.opentofu.org/hashicorp/aws\"]","instances":[{"schema_version":0,"attributes":{"arn":"arn:aws:ecr:us-east-1:058264427980:repository/web-server/flaskapp","encryption_configuration":[{"encryption_type":"AES256","kms_key":""}],"force_delete":null,"id":"web-server/flaskapp","image_scanning_configuration":[{"scan_on_push":true}],"image_tag_mutability":"MUTABLE","name":"web-server/flaskapp","registry_id":"058264427980","repository_url":"058264427980.dkr.ecr.us-east-1.amazonaws.com/web-server/flaskapp","tags":{"Environment":"Production","Name":"FlaskApp-ECR"},"tags_all":{"Environment":"Production","Name":"FlaskApp-ECR"},"timeouts":null},"sensitive_attributes":[],"private":"eyJlMmJmYjczMC1lY2FhLTExZTYtOGY4OC0zNDM2M2JjN2M0YzAiOnsiZGVsZXRlIjoxMjAwMDAwMDAwMDAwfX0="}]},{"mode":"managed","type":"aws_ecs_cluster","name":"web-cluster","provider":"provider[\"registry.opentofu.org/hashicorp/aws\"]","instances":[{"schema_version":0,"attributes":{"arn":"arn:aws:ecs:us-east-1:058264427980:cluster/web-server","configuration":[],"id":"arn:aws:ecs:us-east-1:058264427980:cluster/web-server","name":"web-server","service_connect_defaults":[],"setting":[{"name":"containerInsights","value":"disabled"}],"tags":{},"tags_all":{}},"sensitive_attributes":[],"private":"bnVsbA=="}]},{"mode":"managed","type":"aws_ecs_cluster_capacity_providers","name":"web-server","provider":"provider[\"registry.opentofu.org/hashicorp/aws\"]","instances":[{"schema_version":0,"attributes":{"capacity_providers":["FARGATE"],"cluster_name":"web-server","default_capacity_provider_strategy":[{"base":1,"capacity_provider":"FARGATE","weight":100}],"id":"web-server"},"sensitive_attributes":[],"private":"bnVsbA==","dependencies":["aws_ecs_cluster.web-cluster"]}]},{"mode":"managed","type":"aws_ecs_service","name":"flaskapp","provider":"provider[\"registry.opentofu.org/hashicorp/aws\"]","instances":[{"schema_version":1,"attributes":{"alarms":[],"availability_zone_rebalancing":"DISABLED","capacity_provider_strategy":[],"cluster":"arn:aws:ecs:us-east-1:058264427980:cluster/web-server","deployment_circuit_breaker":[{"enable":false,"rollback":false}],"deployment_controller":[{"type":"ECS"}],"deployment_maximum_percent":200,"deployment_minimum_healthy_percent":100,"desired_count":1,"enable_ecs_managed_tags":false,"enable_execute_command":false,"force_delete":null,"force_new_deployment":null,"health_check_grace_period_seconds":0,"iam_role":"/aws-service-role/ecs.amazonaws.com/AWSServiceRoleForECS","id":"arn:aws:ecs:us-east-1:058264427980:service/web-server/FlaskApp-Service","launch_type":"FARGATE","load_balancer":[{"container_name":"FlaskApp","container_port":80,"elb_name":"","target_group_arn":"arn:aws:elasticloadbalancing:us-east-1:058264427980:targetgroup/FlaskApp-TG/a3bcc75b39bd7d35"}],"name":"FlaskApp-Service","network_configuration":[{"assign_public_ip":false,"security_groups":["sg-06bb7378cf368b760"],"subnets":["subnet-05ecc00e4c4cf06a3","subnet-0d5e27e1ed6eff9f2"]}],"ordered_placement_strategy":[],"placement_constraints":[],"platform_version":"LATEST","propagate_tags":"NONE","scheduling_strategy":"REPLICA","service_connect_configuration":[],"service_registries":[],"tags":null,"tags_all":{},"task_definition":"arn:aws:ecs:us-east-1:058264427980:task-definition/FlaskApp:21","timeouts":null,"triggers":{},"volume_configuration":[],"vpc_lattice_configurations":[],"wait_for_steady_state":false},"sensitive_attributes":[],"private":"eyJlMmJmYjczMC1lY2FhLTExZTYtOGY4OC0zNDM2M2JjN2M0YzAiOnsiY3JlYXRlIjoxMjAwMDAwMDAwMDAwLCJkZWxldGUiOjEyMDAwMDAwMDAwMDAsInVwZGF0ZSI6MTIwMDAwMDAwMDAwMH0sInNjaGVtYV92ZXJzaW9uIjoiMSJ9","dependencies":["aws_db_instance.flaskapp","aws_db_subnet_group.flaskapp","aws_ecr_repository.flaskapp_repo","aws_ecs_cluster.web-cluster","aws_ecs_task_definition.FlaskApp","aws_lb_target_group.flaskapp-tg","aws_security_group.flaskapp_db_sg","aws_security_group.http","aws_subnet.private_a","aws_subnet.private_b","aws_vpc.flaskapp_vpc","random_password.flaskapp_db_password"]}]},{"mode":"managed","type":"aws_ecs_task_definition","name":"FlaskApp","provider":"provider[\"registry.opentofu.org/hashicorp/aws\"]","instances":[{"schema_version":1,"attributes":{"arn":"arn:aws:ecs:us-east-1:058264427980:task-definition/FlaskApp:21","arn_without_revision":"arn:aws:ecs:us-east-1:058264427980:task-definition/FlaskApp","container_definitions":"[{\"entryPoint\":[\"/app/entrypoint.sh\"],\"environment\":[{\"name\":\"DB_HOST\",\"value\":\"flaskapp-database.cnwsmwgk6f58.us-east-1.rds.amazonaws.com:3306\"},{\"name\":\"DB_NAME\",\"value\":\"flaskappdb\"},{\"name\":\"DB_PASSWORD\",\"value\":\"IMfhmwBP[+bI[ZDO}kYNIlt^\"},{\"name\":\"DB_USERNAME\",\"value\":\"db_user\"}],\"essential\":true,\"image\":\"058264427980.dkr.ecr.us-east-1.amazonaws.com/web-server/flaskapp:latest\",\"logConfiguration\":{\"logDriver\":\"awslogs\",\"options\":{\"awslogs-group\":\"/ecs/FlaskApp\",\"awslogs-region\":\"us-east-1\",\"awslogs-stream-prefix\":\"FlaskApp\"}},\"mountPoints\":[],\"name\":\"FlaskApp\",\"portMappings\":[{\"containerPort\":80,\"hostPort\":80,\"protocol\":\"tcp\"}],\"systemControls\":[],\"volumesFrom\":[]}]","cpu":"1024","ephemeral_storage":[],"execution_role_arn":"arn:aws:iam::058264427980:role/LabRole","family":"FlaskApp","id":"FlaskApp","inference_accelerator":[],"ipc_mode":"","memory":"2048","network_mode":"awsvpc","pid_mode":"","placement_constraints":[],"proxy_configuration":[],"requires_compatibilities":["FARGATE"],"revision":21,"runtime_platform":[],"skip_destroy":false,"tags":null,"tags_all":{},"task_role_arn":"arn:aws:iam::058264427980:role/LabRole","track_latest":false,"volume":[]},"sensitive_attributes":[[{"type":"get_attr","value":"container_definitions"}]],"private":"eyJzY2hlbWFfdmVyc2lvbiI6IjEifQ==","dependencies":["aws_db_instance.flaskapp","aws_db_subnet_group.flaskapp","aws_ecr_repository.flaskapp_repo","aws_security_group.flaskapp_db_sg","aws_subnet.private_a","aws_subnet.private_b","aws_vpc.flaskapp_vpc","random_password.flaskapp_db_password"]}]},{"mode":"managed","type":"aws_eip","name":"nat","provider":"provider[\"registry.opentofu.org/hashicorp/aws\"]","instances":[{"schema_version":0,"attributes":{"address":null,"allocation_id":"eipalloc-0a9d2218c96d28abe","arn":"arn:aws:ec2:us-east-1:058264427980:elastic-ip/eipalloc-0a9d2218c96d28abe","associate_with_private_ip":null,"association_id":"eipassoc-0793c1f0f4612a013","carrier_ip":"","customer_owned_ip":"","customer_owned_ipv4_pool":"","domain":"vpc","id":"eipalloc-0a9d2218c96d28abe","instance":"","ipam_pool_id":null,"network_border_group":"us-east-1","network_interface":"eni-0748a229eb9a159ee","private_dns":"ip-10-0-0-231.ec2.internal","private_ip":"10.0.0.231","ptr_record":"","public_dns":"ec2-35-174-74-216.compute-1.amazonaws.com","public_ip":"35.174.74.216","public_ipv4_pool":"amazon","tags":{"Name":"Flaskapp-NAT-EIP"},"tags_all":{"Name":"Flaskapp-NAT-EIP"},"timeouts":null,"vpc":true},"sensitive_attributes":[],"private":"eyJlMmJmYjczMC1lY2FhLTExZTYtOGY4OC0zNDM2M2JjN2M0YzAiOnsiZGVsZXRlIjoxODAwMDAwMDAwMDAsInJlYWQiOjkwMDAwMDAwMDAwMCwidXBkYXRlIjozMDAwMDAwMDAwMDB9fQ=="}]},{"mode":"managed","type":"aws_instance","name":"bastion_host","provider":"provider[\"registry.opentofu.org/hashicorp/aws\"]","instances":[{"schema_version":1,"attributes":{"ami":"ami-01816d07b1128cd2d","arn":"arn:aws:ec2:us-east-1:058264427980:instance/i-06cbb913710647b1d","associate_public_ip_address":true,"availability_zone":"us-east-1a","capacity_reservation_specification":[{"capacity_reservation_preference":"open","capacity_reservation_target":[]}],"cpu_core_count":1,"cpu_options":[{"amd_sev_snp":"","core_count":1,"threads_per_core":1}],"cpu_threads_per_core":1,"credit_specification":[{"cpu_credits":"standard"}],"disable_api_stop":false,"disable_api_termination":false,"ebs_block_device":[],"ebs_optimized":false,"enable_primary_ipv6":null,"enclave_options":[{"enabled":false}],"ephemeral_block_device":[],"get_password_data":false,"hibernation":false,"host_id":"","host_resource_group_arn":null,"iam_instance_profile":"","id":"i-06cbb913710647b1d","instance_initiated_shutdown_behavior":"stop","instance_lifecycle":"","instance_market_options":[],"instance_state":"running","instance_type":"t2.micro","ipv6_address_count":0,"ipv6_addresses":[],"key_name":"ssh-key-bastion","launch_template":[],"maintenance_options":[{"auto_recovery":"default"}],"metadata_options":[{"http_endpoint":"enabled","http_protocol_ipv6":"disabled","http_put_response_hop_limit":2,"http_tokens":"required","instance_metadata_tags":"disabled"}],"monitoring":false,"network_interface":[],"outpost_arn":"","password_data":"","placement_group":"","placement_partition_number":0,"primary_network_interface_id":"eni-0cacd9bdf5f32107e","private_dns":"ip-10-0-0-244.ec2.internal","private_dns_name_options":[{"enable_resource_name_dns_a_record":false,"enable_resource_name_dns_aaaa_record":false,"hostname_type":"ip-name"}],"private_ip":"10.0.0.244","public_dns":"ec2-54-159-117-23.compute-1.amazonaws.com","public_ip":"54.159.117.23","root_block_device":[{"delete_on_termination":true,"device_name":"/dev/xvda","encrypted":false,"iops":3000,"kms_key_id":"","tags":{},"tags_all":{},"throughput":125,"volume_id":"vol-0da5c0360d080ec34","volume_size":8,"volume_type":"gp3"}],"secondary_private_ips":[],"security_groups":[],"source_dest_check":true,"spot_instance_request_id":"","subnet_id":"subnet-014b05d2919385d24","tags":{"Name":"Bastion-Host"},"tags_all":{"Name":"Bastion-Host"},"tenancy":"default","timeouts":null,"user_data":"a87c3d5ec6bc7ea1da1618ba160b5e441e718317","user_data_base64":null,"user_data_replace_on_change":false,"volume_tags":null,"vpc_security_group_ids":["sg-017a9785b644416c4"]},"sensitive_attributes":[],"private":"eyJlMmJmYjczMC1lY2FhLTExZTYtOGY4OC0zNDM2M2JjN2M0YzAiOnsiY3JlYXRlIjo2MDAwMDAwMDAwMDAsImRlbGV0ZSI6MTIwMDAwMDAwMDAwMCwicmVhZCI6OTAwMDAwMDAwMDAwLCJ1cGRhdGUiOjYwMDAwMDAwMDAwMH0sInNjaGVtYV92ZXJzaW9uIjoiMSJ9","dependencies":["aws_key_pair.bastion_key","aws_security_group.bastion_sg","aws_subnet.public_a","aws_vpc.flaskapp_vpc","data.http.my_ip"]}]},{"mode":"managed","type":"aws_internet_gateway","name":"flaskapp_igw","provider":"provider[\"registry.opentofu.org/hashicorp/aws\"]","instances":[{"schema_version":0,"attributes":{"arn":"arn:aws:ec2:us-east-1:058264427980:internet-gateway/igw-0e4f7de77b4dc3165","id":"igw-0e4f7de77b4dc3165","owner_id":"058264427980","tags":{"Name":"Flaskapp-igw"},"tags_all":{"Name":"Flaskapp-igw"},"timeouts":null,"vpc_id":"vpc-0a3132214121339be"},"sensitive_attributes":[],"private":"eyJlMmJmYjczMC1lY2FhLTExZTYtOGY4OC0zNDM2M2JjN2M0YzAiOnsiY3JlYXRlIjoxMjAwMDAwMDAwMDAwLCJkZWxldGUiOjEyMDAwMDAwMDAwMDAsInVwZGF0ZSI6MTIwMDAwMDAwMDAwMH19","dependencies":["aws_vpc.flaskapp_vpc"]}]},{"mode":"managed","type":"aws_key_pair","name":"bastion_key","provider":"provider[\"registry.opentofu.org/hashicorp/aws\"]","instances":[{"schema_version":1,"attributes":{"arn":"arn:aws:ec2:us-east-1:058264427980:key-pair/ssh-key-bastion","fingerprint":"ab:77:a8:f0:47:a0:84:31:18:d6:cc:4f:8e:13:23:12","id":"ssh-key-bastion","key_name":"ssh-key-bastion","key_name_prefix":"","key_pair_id":"key-0f883b3ae4e8605e7","key_type":"rsa","public_key":"ssh-rsa AAAAB3NzaC1yc2EAAAADAQABAAACAQDIRhVPOMkd/4bIgAnXNoh4llnWWirn9Cn+xVm0z/2zTMy2lX3p1zsubZGqaGJtudbKy1ekcc/4L7az3RzAid8X2T3lZI6iEd7Vpl//Ev2+g7g0gVSTLLj4QYjXrFkyYptAN7rAPMZ6Cfug6AI3Tf8mmT4yYwTIzFDYHWS3gZhW1A5eAnD6XVK9gwL5z5efxRpAqjb/Oma34mtz6ib5q77edP65biGiBuyr7R2sQMrLnfFgg7eOdHko6VJF0iuGQ+RVV9fp4kuXA0/H5Qu/LRJnPlr7kgCO8QG2bgK/LvgpWlrhr5Zj0g5RmXmKLEuS4BX+oRSNgUgauLE3ZxZyW3ZA0bI1PDYchQzIYgN72+MBn+Qv+hC2CTXlLLjyhZ+/hhg4GlqtgHlFkWUvy8sLdvzqRvIJOmAmENb+sAOzlQAj2+jyWgagVo9W3RmE8AvYGW9Y9PZPjWeUQhRAVleDKPr4r3gmgNyxgEPTSuQVIcCi+kS/lnKwFTtn+CbgQVBmBKwpjk2jCF7ndD1Zru/c4DR3VMA+HI5noR8S6gpLIPdEC3U4i++RxuCpzxKRl4uW3l78wMoiMCSvj/xTUdP6jowra2SWWchzAHsZDG+BxQmebEYj+rOI7F0t4SCVCPYjKOGmYbxbY7CTN5bfAMmvspwhqqUQiaRksnowjUDq3QtTiw== niels@BloedlinkLaptop","tags":{},"tags_all":{}},"sensitive_attributes":[],"private":"eyJzY2hlbWFfdmVyc2lvbiI6IjEifQ=="}]},{"mode":"managed","type":"aws_lb_target_group","name":"flaskapp-tg","provider":"provider[\"registry.opentofu.org/hashicorp/aws\"]","instances":[{"schema_version":0,"attributes":{"arn":"arn:aws:elasticloadbalancing:us-east-1:058264427980:targetgroup/FlaskApp-TG/a3bcc75b39bd7d35","arn_suffix":"targetgroup/FlaskApp-TG/a3bcc75b39bd7d35","connection_termination":null,"deregistration_delay":"300","health_check":[{"enabled":true,"healthy_threshold":2,"interval":30,"matcher":"200","path":"/","port":"traffic-port","protocol":"HTTP","timeout":5,"unhealthy_threshold":2}],"id":"arn:aws:elasticloadbalancing:us-east-1:058264427980:targetgroup/FlaskApp-TG/a3bcc75b39bd7d35","ip_address_type":"ipv4","lambda_multi_value_headers_enabled":false,"load_balancer_arns":["arn:aws:elasticloadbalancing:us-east-1:058264427980:loadbalancer/app/FlaskApp-ALB/8045e169ce83f0fd"],"load_balancing_algorithm_type":"round_robin","load_balancing_anomaly_mitigation":"off","load_balancing_cross_zone_enabled":"use_load_balancer_configuration","name":"FlaskApp-TG","name_prefix":"","port":80,"preserve_client_ip":null,"protocol":"HTTP","protocol_version":"HTTP1","proxy_protocol_v2":false,"slow_start":0,"stickiness":[{"cookie_duration":86400,"cookie_name":"","enabled":false,"type":"lb_cookie"}],"tags":{},"tags_all":{},"target_failover":[{"on_deregistration":null,"on_unhealthy":null}],"target_group_health":[{"dns_failover":[{"minimum_healthy_targets_count":"1","minimum_healthy_targets_percentage":"off"}],"unhealthy_state_routing":[{"minimum_healthy_targets_count":1,"minimum_healthy_targets_percentage":"off"}]}],"target_health_state":[{"enable_unhealthy_connection_termination":null,"unhealthy_draining_interval":null}],"target_type":"ip","vpc_id":"vpc-0a3132214121339be"},"sensitive_attributes":[],"private":"bnVsbA==","dependencies":["aws_vpc.flaskapp_vpc"]}]},{"mode":"managed","type":"aws_nat_gateway","name":"nat","provider":"provider[\"registry.opentofu.org/hashicorp/aws\"]","instances":[{"schema_version":0,"attributes":{"allocation_id":"eipalloc-0a9d2218c96d28abe","association_id":"eipassoc-0793c1f0f4612a013","connectivity_type":"public","id":"nat-025ef9163dcf6b3b3","network_interface_id":"eni-0748a229eb9a159ee","private_ip":"10.0.0.231","public_ip":"35.174.74.216","secondary_allocation_ids":[],"secondary_private_ip_address_count":0,"secondary_private_ip_addresses":[],"subnet_id":"subnet-014b05d2919385d24","tags":{"Name":"Flaskapp-NAT-Gateway"},"tags_all":{"Name":"Flaskapp-NAT-Gateway"},"timeouts":null},"sensitive_attributes":[],"private":"eyJlMmJmYjczMC1lY2FhLTExZTYtOGY4OC0zNDM2M2JjN2M0YzAiOnsiY3JlYXRlIjo2MDAwMDAwMDAwMDAsImRlbGV0ZSI6MTgwMDAwMDAwMDAwMCwidXBkYXRlIjo2MDAwMDAwMDAwMDB9fQ==","dependencies":["aws_eip.nat","aws_subnet.public_a","aws_vpc.flaskapp_vpc"]}]},{"mode":"managed","type":"aws_route","name":"private_internet_route","provider":"provider[\"registry.opentofu.org/hashicorp/aws\"]","instances":[{"schema_version":0,"attributes":{"carrier_gateway_id":"","core_network_arn":"","destination_cidr_block":"0.0.0.0/0","destination_ipv6_cidr_block":"","destination_prefix_list_id":"","egress_only_gateway_id":"","gateway_id":"","id":"r-rtb-0c02d28086ae697f71080289494","instance_id":"","instance_owner_id":"","local_gateway_id":"","nat_gateway_id":"nat-025ef9163dcf6b3b3","network_interface_id":"","origin":"CreateRoute","route_table_id":"rtb-0c02d28086ae697f7","state":"active","timeouts":null,"transit_gateway_id":"","vpc_endpoint_id":"","vpc_peering_connection_id":""},"sensitive_attributes":[],"private":"eyJlMmJmYjczMC1lY2FhLTExZTYtOGY4OC0zNDM2M2JjN2M0YzAiOnsiY3JlYXRlIjozMDAwMDAwMDAwMDAsImRlbGV0ZSI6MzAwMDAwMDAwMDAwLCJ1cGRhdGUiOjEyMDAwMDAwMDAwMH19","dependencies":["aws_eip.nat","aws_nat_gateway.nat","aws_route_table.private_rt","aws_subnet.public_a","aws_vpc.flaskapp_vpc"]}]},{"mode":"managed","type":"aws_route","name":"public_route","provider":"provider[\"registry.opentofu.org/hashicorp/aws\"]","instances":[{"schema_version":0,"attributes":{"carrier_gateway_id":"","core_network_arn":"","destination_cidr_block":"0.0.0.0/0","destination_ipv6_cidr_block":"","destination_prefix_list_id":"","egress_only_gateway_id":"","gateway_id":"igw-0e4f7de77b4dc3165","id":"r-rtb-055fce9bda12ef6621080289494","instance_id":"","instance_owner_id":"","local_gateway_id":"","nat_gateway_id":"","network_interface_id":"","origin":"CreateRoute","route_table_id":"rtb-055fce9bda12ef662","state":"active","timeouts":null,"transit_gateway_id":"","vpc_endpoint_id":"","vpc_peering_connection_id":""},"sensitive_attributes":[],"private":"eyJlMmJmYjczMC1lY2FhLTExZTYtOGY4OC0zNDM2M2JjN2M0YzAiOnsiY3JlYXRlIjozMDAwMDAwMDAwMDAsImRlbGV0ZSI6MzAwMDAwMDAwMDAwLCJ1cGRhdGUiOjEyMDAwMDAwMDAwMH19","dependencies":["aws_internet_gateway.flaskapp_igw","aws_route_table.public_rt","aws_vpc.flaskapp_vpc"]}]},{"mode":"managed","type":"aws_route_table","name":"private_rt","provider":"provider[\"registry.opentofu.org/hashicorp/aws\"]","instances":[{"schema_version":0,"attributes":{"arn":"arn:aws:ec2:us-east-1:058264427980:route-table/rtb-0c02d28086ae697f7","id":"rtb-0c02d28086ae697f7","owner_id":"058264427980","propagating_vgws":[],"route":[{"carrier_gateway_id":"","cidr_block":"0.0.0.0/0","core_network_arn":"","destination_prefix_list_id":"","egress_only_gateway_id":"","gateway_id":"","ipv6_cidr_block":"","local_gateway_id":"","nat_gateway_id":"nat-025ef9163dcf6b3b3","network_interface_id":"","transit_gateway_id":"","vpc_endpoint_id":"","vpc_peering_connection_id":""}],"tags":{"Name":"Flaskapp-Private-RT"},"tags_all":{"Name":"Flaskapp-Private-RT"},"timeouts":null,"vpc_id":"vpc-0a3132214121339be"},"sensitive_attributes":[],"private":"eyJlMmJmYjczMC1lY2FhLTExZTYtOGY4OC0zNDM2M2JjN2M0YzAiOnsiY3JlYXRlIjozMDAwMDAwMDAwMDAsImRlbGV0ZSI6MzAwMDAwMDAwMDAwLCJ1cGRhdGUiOjEyMDAwMDAwMDAwMH19","dependencies":["aws_vpc.flaskapp_vpc"]}]},{"mode":"managed","type":"aws_route_table","name":"public_rt","provider":"provider[\"registry.opentofu.org/hashicorp/aws\"]","instances":[{"schema_version":0,"attributes":{"arn":"arn:aws:ec2:us-east-1:058264427980:route-table/rtb-055fce9bda12ef662","id":"rtb-055fce9bda12ef662","owner_id":"058264427980","propagating_vgws":[],"route":[{"carrier_gateway_id":"","cidr_block":"0.0.0.0/0","core_network_arn":"","destination_prefix_list_id":"","egress_only_gateway_id":"","gateway_id":"igw-0e4f7de77b4dc3165","ipv6_cidr_block":"","local_gateway_id":"","nat_gateway_id":"","network_interface_id":"","transit_gateway_id":"","vpc_endpoint_id":"","vpc_peering_connection_id":""}],"tags":{"Name":"Flaskapp-public-rt"},"tags_all":{"Name":"Flaskapp-public-rt"},"timeouts":null,"vpc_id":"vpc-0a3132214121339be"},"sensitive_attributes":[],"private":"eyJlMmJmYjczMC1lY2FhLTExZTYtOGY4OC0zNDM2M2JjN2M0YzAiOnsiY3JlYXRlIjozMDAwMDAwMDAwMDAsImRlbGV0ZSI6MzAwMDAwMDAwMDAwLCJ1cGRhdGUiOjEyMDAwMDAwMDAwMH19","dependencies":["aws_vpc.flaskapp_vpc"]}]},{"mode":"managed","type":"aws_route_table_association","name":"private_a","provider":"provider[\"registry.opentofu.org/hashicorp/aws\"]","instances":[{"schema_version":0,"attributes":{"gateway_id":"","id":"rtbassoc-0fdb8ff535fb12ea2","route_table_id":"rtb-0c02d28086ae697f7","subnet_id":"subnet-0d5e27e1ed6eff9f2","timeouts":null},"sensitive_attributes":[],"private":"eyJlMmJmYjczMC1lY2FhLTExZTYtOGY4OC0zNDM2M2JjN2M0YzAiOnsiY3JlYXRlIjozMDAwMDAwMDAwMDAsImRlbGV0ZSI6MzAwMDAwMDAwMDAwLCJ1cGRhdGUiOjEyMDAwMDAwMDAwMH19","dependencies":["aws_route_table.private_rt","aws_subnet.private_a","aws_vpc.flaskapp_vpc"]}]},{"mode":"managed","type":"aws_route_table_association","name":"private_b","provider":"provider[\"registry.opentofu.org/hashicorp/aws\"]","instances":[{"schema_version":0,"attributes":{"gateway_id":"","id":"rtbassoc-0367f071cded40a3b","route_table_id":"rtb-0c02d28086ae697f7","subnet_id":"subnet-05ecc00e4c4cf06a3","timeouts":null},"sensitive_attributes":[],"private":"eyJlMmJmYjczMC1lY2FhLTExZTYtOGY4OC0zNDM2M2JjN2M0YzAiOnsiY3JlYXRlIjozMDAwMDAwMDAwMDAsImRlbGV0ZSI6MzAwMDAwMDAwMDAwLCJ1cGRhdGUiOjEyMDAwMDAwMDAwMH19","dependencies":["aws_route_table.private_rt","aws_subnet.private_b","aws_vpc.flaskapp_vpc"]}]},{"mode":"managed","type":"aws_route_table_association","name":"public_a","provider":"provider[\"registry.opentofu.org/hashicorp/aws\"]","instances":[{"schema_version":0,"attributes":{"gateway_id":"","id":"rtbassoc-0a986fe2dcc4bb424","route_table_id":"rtb-055fce9bda12ef662","subnet_id":"subnet-014b05d2919385d24","timeouts":null},"sensitive_attributes":[],"private":"eyJlMmJmYjczMC1lY2FhLTExZTYtOGY4OC0zNDM2M2JjN2M0YzAiOnsiY3JlYXRlIjozMDAwMDAwMDAwMDAsImRlbGV0ZSI6MzAwMDAwMDAwMDAwLCJ1cGRhdGUiOjEyMDAwMDAwMDAwMH19","dependencies":["aws_route_table.public_rt","aws_subnet.public_a","aws_vpc.flaskapp_vpc"]}]},{"mode":"managed","type":"aws_route_table_association","name":"public_b","provider":"provider[\"registry.opentofu.org/hashicorp/aws\"]","instances":[{"schema_version":0,"attributes":{"gateway_id":"","id":"rtbassoc-006047f4dbed65934","route_table_id":"rtb-055fce9bda12ef662","subnet_id":"subnet-0842614c4b400d26e","timeouts":null},"sensitive_attributes":[],"private":"eyJlMmJmYjczMC1lY2FhLTExZTYtOGY4OC0zNDM2M2JjN2M0YzAiOnsiY3JlYXRlIjozMDAwMDAwMDAwMDAsImRlbGV0ZSI6MzAwMDAwMDAwMDAwLCJ1cGRhdGUiOjEyMDAwMDAwMDAwMH19","dependencies":["aws_route_table.public_rt","aws_subnet.public_b","aws_vpc.flaskapp_vpc"]}]},{"mode":"managed","type":"aws_secretsmanager_secret","name":"flaskapp_db_password","provider":"provider[\"registry.opentofu.org/hashicorp/aws\"]","instances":[{"schema_version":0,"attributes":{"arn":"arn:aws:secretsmanager:us-east-1:058264427980:secret:flaskapp-db-password-YaT76M","description":"","force_overwrite_replica_secret":false,"id":"arn:aws:secretsmanager:us-east-1:058264427980:secret:flaskapp-db-password-YaT76M","kms_key_id":"","name":"flaskapp-db-password","name_prefix":"","policy":"","recovery_window_in_days":30,"replica":[],"tags":{"Name":"flaskapp-db-password"},"tags_all":{"Name":"flaskapp-db-password"}},"sensitive_attributes":[],"private":"bnVsbA=="}]},{"mode":"managed","type":"aws_secretsmanager_secret_version","name":"flaskapp_db_password","provider":"provider[\"registry.opentofu.org/hashicorp/aws\"]","instances":[{"schema_version":0,"attributes":{"arn":"arn:aws:secretsmanager:us-east-1:058264427980:secret:flaskapp-db-password-YaT76M","id":"arn:aws:secretsmanager:us-east-1:058264427980:secret:flaskapp-db-password-YaT76M|terraform-20241220124814154000000002","secret_binary":"","secret_id":"arn:aws:secretsmanager:us-east-1:058264427980:secret:flaskapp-db-password-YaT76M","secret_string":"{\"password\":\"IMfhmwBP[+bI[ZDO}kYNIlt^\",\"username\":\"db_user\"}","version_id":"terraform-20241220124814154000000002","version_stages":["AWSCURRENT"]},"sensitive_attributes":[[{"type":"get_attr","value":"secret_string"}],[{"type":"get_attr","value":"secret_binary"}]],"private":"bnVsbA==","dependencies":["aws_secretsmanager_secret.flaskapp_db_password","random_password.flaskapp_db_password"]}]},{"mode":"managed","type":"aws_security_group","name":"bastion_sg","provider":"provider[\"registry.opentofu.org/hashicorp/aws\"]","instances":[{"schema_version":1,"attributes":{"arn":"arn:aws:ec2:us-east-1:058264427980:security-group/sg-017a9785b644416c4","description":"Allow SSH access to bastion host","egress":[{"cidr_blocks":["0.0.0.0/0"],"description":"Allow all outbound traffic","from_port":0,"ipv6_cidr_blocks":[],"prefix_list_ids":[],"protocol":"-1","security_groups":[],"self":false,"to_port":0}],"id":"sg-017a9785b644416c4","ingress":[{"cidr_blocks":["193.190.124.107/32"],"description":"SSH from my public IP","from_port":22,"ipv6_cidr_blocks":[],"prefix_list_ids":[],"protocol":"tcp","security_groups":[],"self":false,"to_port":22}],"name":"Bastion-SG","name_prefix":"","owner_id":"058264427980","revoke_rules_on_delete":false,"tags":{"Name":"Bastion-SG"},"tags_all":{"Name":"Bastion-SG"},"timeouts":null,"vpc_id":"vpc-0a3132214121339be"},"sensitive_attributes":[],"private":"eyJlMmJmYjczMC1lY2FhLTExZTYtOGY4OC0zNDM2M2JjN2M0YzAiOnsiY3JlYXRlIjo2MDAwMDAwMDAwMDAsImRlbGV0ZSI6OTAwMDAwMDAwMDAwfSwic2NoZW1hX3ZlcnNpb24iOiIxIn0=","dependencies":["aws_vpc.flaskapp_vpc","data.http.my_ip"]}]},{"mode":"managed","type":"aws_security_group","name":"flaskapp_db_sg","provider":"provider[\"registry.opentofu.org/hashicorp/aws\"]","instances":[{"schema_version":1,"attributes":{"arn":"arn:aws:ec2:us-east-1:058264427980:security-group/sg-0055135461d5a4887","description":"Security group for RDS instance of FlaskApp","egress":[{"cidr_blocks":["0.0.0.0/0"],"description":"","from_port":0,"ipv6_cidr_blocks":[],"prefix_list_ids":[],"protocol":"-1","security_groups":[],"self":false,"to_port":0}],"id":"sg-0055135461d5a4887","ingress":[{"cidr_blocks":["10.0.0.0/24","10.0.1.0/24","10.0.2.0/24","10.0.3.0/24"],"description":"","from_port":3306,"ipv6_cidr_blocks":[],"prefix_list_ids":[],"protocol":"tcp","security_groups":[],"self":false,"to_port":3306}],"name":"Flaskapp-DB-SG","name_prefix":"","owner_id":"058264427980","revoke_rules_on_delete":false,"tags":{"Name":"FlaskApp-DB-SG"},"tags_all":{"Name":"FlaskApp-DB-SG"},"timeouts":null,"vpc_id":"vpc-0a3132214121339be"},"sensitive_attributes":[],"private":"eyJlMmJmYjczMC1lY2FhLTExZTYtOGY4OC0zNDM2M2JjN2M0YzAiOnsiY3JlYXRlIjo2MDAwMDAwMDAwMDAsImRlbGV0ZSI6OTAwMDAwMDAwMDAwfSwic2NoZW1hX3ZlcnNpb24iOiIxIn0=","dependencies":["aws_vpc.flaskapp_vpc"]}]},{"mode":"managed","type":"aws_security_group","name":"flaskapp_lb_sg","provider":"provider[\"registry.opentofu.org/hashicorp/aws\"]","instances":[{"schema_version":1,"attributes":{"arn":"arn:aws:ec2:us-east-1:058264427980:security-group/sg-058e0a44a50153fc9","description":"Allow HTTP traffic to the load balancer","egress":[{"cidr_blocks":["0.0.0.0/0"],"description":"","from_port":0,"ipv6_cidr_blocks":[],"prefix_list_ids":[],"protocol":"-1","security_groups":[],"self":false,"to_port":0}],"id":"sg-058e0a44a50153fc9","ingress":[{"cidr_blocks":["0.0.0.0/0"],"description":"","from_port":80,"ipv6_cidr_blocks":[],"prefix_list_ids":[],"protocol":"tcp","security_groups":[],"self":false,"to_port":80}],"name":"FlaskApp-LB-SG","name_prefix":"","owner_id":"058264427980","revoke_rules_on_delete":false,"tags":{},"tags_all":{},"timeouts":null,"vpc_id":"vpc-0a3132214121339be"},"sensitive_attributes":[],"private":"eyJlMmJmYjczMC1lY2FhLTExZTYtOGY4OC0zNDM2M2JjN2M0YzAiOnsiY3JlYXRlIjo2MDAwMDAwMDAwMDAsImRlbGV0ZSI6OTAwMDAwMDAwMDAwfSwic2NoZW1hX3ZlcnNpb24iOiIxIn0=","dependencies":["aws_vpc.flaskapp_vpc"]}]},{"mode":"managed","type":"aws_security_group","name":"http","provider":"provider[\"registry.opentofu.org/hashicorp/aws\"]","instances":[{"schema_version":1,"attributes":{"arn":"arn:aws:ec2:us-east-1:058264427980:security-group/sg-06bb7378cf368b760","description":"HTTP security group for ECS","egress":[{"cidr_blocks":["0.0.0.0/0"],"description":"","from_port":0,"ipv6_cidr_blocks":[],"prefix_list_ids":[],"protocol":"-1","security_groups":[],"self":false,"to_port":0}],"id":"sg-06bb7378cf368b760","ingress":[{"cidr_blocks":["0.0.0.0/0"],"description":"","from_port":80,"ipv6_cidr_blocks":[],"prefix_list_ids":[],"protocol":"tcp","security_groups":[],"self":false,"to_port":80}],"name":"FlaskApp-SG","name_prefix":"","owner_id":"058264427980","revoke_rules_on_delete":false,"tags":{"Name":"FlaskApp-SG"},"tags_all":{"Name":"FlaskApp-SG"},"timeouts":null,"vpc_id":"vpc-0a3132214121339be"},"sensitive_attributes":[],"private":"eyJlMmJmYjczMC1lY2FhLTExZTYtOGY4OC0zNDM2M2JjN2M0YzAiOnsiY3JlYXRlIjo2MDAwMDAwMDAwMDAsImRlbGV0ZSI6OTAwMDAwMDAwMDAwfSwic2NoZW1hX3ZlcnNpb24iOiIxIn0=","dependencies":["aws_vpc.flaskapp_vpc"]}]},{"mode":"managed","type":"aws_subnet","name":"private_a","provider":"provider[\"registry.opentofu.org/hashicorp/aws\"]","instances":[{"schema_version":1,"attributes":{"arn":"arn:aws:ec2:us-east-1:058264427980:subnet/subnet-0d5e27e1ed6eff9f2","assign_ipv6_address_on_creation":false,"availability_zone":"us-east-1a","availability_zone_id":"use1-az6","cidr_block":"10.0.2.0/24","customer_owned_ipv4_pool":"","enable_dns64":false,"enable_lni_at_device_index":0,"enable_resource_name_dns_a_record_on_launch":false,"enable_resource_name_dns_aaaa_record_on_launch":false,"id":"subnet-0d5e27e1ed6eff9f2","ipv6_cidr_block":"","ipv6_cidr_block_association_id":"","ipv6_native":false,"map_customer_owned_ip_on_launch":false,"map_public_ip_on_launch":false,"outpost_arn":"","owner_id":"058264427980","private_dns_hostname_type_on_launch":"ip-name","tags":{"Name":"Flaskapp-subnet-private-us-east-1a"},"tags_all":{"Name":"Flaskapp-subnet-private-us-east-1a"},"timeouts":null,"vpc_id":"vpc-0a3132214121339be"},"sensitive_attributes":[],"private":"eyJlMmJmYjczMC1lY2FhLTExZTYtOGY4OC0zNDM2M2JjN2M0YzAiOnsiY3JlYXRlIjo2MDAwMDAwMDAwMDAsImRlbGV0ZSI6MTIwMDAwMDAwMDAwMH0sInNjaGVtYV92ZXJzaW9uIjoiMSJ9","dependencies":["aws_vpc.flaskapp_vpc"]}]},{"mode":"managed","type":"aws_subnet","name":"private_b","provider":"provider[\"registry.opentofu.org/hashicorp/aws\"]","instances":[{"schema_version":1,"attributes":{"arn":"arn:aws:ec2:us-east-1:058264427980:subnet/subnet-05ecc00e4c4cf06a3","assign_ipv6_address_on_creation":false,"availability_zone":"us-east-1b","availability_zone_id":"use1-az1","cidr_block":"10.0.3.0/24","customer_owned_ipv4_pool":"","enable_dns64":false,"enable_lni_at_device_index":0,"enable_resource_name_dns_a_record_on_launch":false,"enable_resource_name_dns_aaaa_record_on_launch":false,"id":"subnet-05ecc00e4c4cf06a3","ipv6_cidr_block":"","ipv6_cidr_block_association_id":"","ipv6_native":false,"map_customer_owned_ip_on_launch":false,"map_public_ip_on_launch":false,"outpost_arn":"","owner_id":"058264427980","private_dns_hostname_type_on_launch":"ip-name","tags":{"Name":"Flaskapp-subnet-private-us-east-1b"},"tags_all":{"Name":"Flaskapp-subnet-private-us-east-1b"},"timeouts":null,"vpc_id":"vpc-0a3132214121339be"},"sensitive_attributes":[],"private":"eyJlMmJmYjczMC1lY2FhLTExZTYtOGY4OC0zNDM2M2JjN2M0YzAiOnsiY3JlYXRlIjo2MDAwMDAwMDAwMDAsImRlbGV0ZSI6MTIwMDAwMDAwMDAwMH0sInNjaGVtYV92ZXJzaW9uIjoiMSJ9","dependencies":["aws_vpc.flaskapp_vpc"]}]},{"mode":"managed","type":"aws_subnet","name":"public_a","provider":"provider[\"registry.opentofu.org/hashicorp/aws\"]","instances":[{"schema_version":1,"attributes":{"arn":"arn:aws:ec2:us-east-1:058264427980:subnet/subnet-014b05d2919385d24","assign_ipv6_address_on_creation":false,"availability_zone":"us-east-1a","availability_zone_id":"use1-az6","cidr_block":"10.0.0.0/24","customer_owned_ipv4_pool":"","enable_dns64":false,"enable_lni_at_device_index":0,"enable_resource_name_dns_a_record_on_launch":false,"enable_resource_name_dns_aaaa_record_on_launch":false,"id":"subnet-014b05d2919385d24","ipv6_cidr_block":"","ipv6_cidr_block_association_id":"","ipv6_native":false,"map_customer_owned_ip_on_launch":false,"map_public_ip_on_launch":true,"outpost_arn":"","owner_id":"058264427980","private_dns_hostname_type_on_launch":"ip-name","tags":{"Name":"Flaskapp-subnet-public-us-east-1a"},"tags_all":{"Name":"Flaskapp-subnet-public-us-east-1a"},"timeouts":null,"vpc_id":"vpc-0a3132214121339be"},"sensitive_attributes":[],"private":"eyJlMmJmYjczMC1lY2FhLTExZTYtOGY4OC0zNDM2M2JjN2M0YzAiOnsiY3JlYXRlIjo2MDAwMDAwMDAwMDAsImRlbGV0ZSI6MTIwMDAwMDAwMDAwMH0sInNjaGVtYV92ZXJzaW9uIjoiMSJ9","dependencies":["aws_vpc.flaskapp_vpc"]}]},{"mode":"managed","type":"aws_subnet","name":"public_b","provider":"provider[\"registry.opentofu.org/hashicorp/aws\"]","instances":[{"schema_version":1,"attributes":{"arn":"arn:aws:ec2:us-east-1:058264427980:subnet/subnet-0842614c4b400d26e","assign_ipv6_address_on_creation":false,"availability_zone":"us-east-1b","availability_zone_id":"use1-az1","cidr_block":"10.0.1.0/24","customer_owned_ipv4_pool":"","enable_dns64":false,"enable_lni_at_device_index":0,"enable_resource_name_dns_a_record_on_launch":false,"enable_resource_name_dns_aaaa_record_on_launch":false,"id":"subnet-0842614c4b400d26e","ipv6_cidr_block":"","ipv6_cidr_block_association_id":"","ipv6_native":false,"map_customer_owned_ip_on_launch":false,"map_public_ip_on_launch":true,"outpost_arn":"","owner_id":"058264427980","private_dns_hostname_type_on_launch":"ip-name","tags":{"Name":"Flaskapp-subnet-public-us-east-1b"},"tags_all":{"Name":"Flaskapp-subnet-public-us-east-1b"},"timeouts":null,"vpc_id":"vpc-0a3132214121339be"},"sensitive_attributes":[],"private":"eyJlMmJmYjczMC1lY2FhLTExZTYtOGY4OC0zNDM2M2JjN2M0YzAiOnsiY3JlYXRlIjo2MDAwMDAwMDAwMDAsImRlbGV0ZSI6MTIwMDAwMDAwMDAwMH0sInNjaGVtYV92ZXJzaW9uIjoiMSJ9","dependencies":["aws_vpc.flaskapp_vpc"]}]},{"mode":"managed","type":"aws_vpc","name":"flaskapp_vpc","provider":"provider[\"registry.opentofu.org/hashicorp/aws\"]","instances":[{"schema_version":1,"attributes":{"arn":"arn:aws:ec2:us-east-1:058264427980:vpc/vpc-0a3132214121339be","assign_generated_ipv6_cidr_block":false,"cidr_block":"10.0.0.0/16","default_network_acl_id":"acl-04804b41affd0d0e0","default_route_table_id":"rtb-0aaee91a5fa04f88a","default_security_group_id":"sg-0c0a67a9cc0e73abe","dhcp_options_id":"dopt-02f775c4fe0af5096","enable_dns_hostnames":true,"enable_dns_support":true,"enable_network_address_usage_metrics":false,"id":"vpc-0a3132214121339be","instance_tenancy":"default","ipv4_ipam_pool_id":null,"ipv4_netmask_length":null,"ipv6_association_id":"","ipv6_cidr_block":"","ipv6_cidr_block_network_border_group":"","ipv6_ipam_pool_id":"","ipv6_netmask_length":0,"main_route_table_id":"rtb-0aaee91a5fa04f88a","owner_id":"058264427980","tags":{"Name":"Flaskapp-vpc"},"tags_all":{"Name":"Flaskapp-vpc"}},"sensitive_attributes":[],"private":"eyJzY2hlbWFfdmVyc2lvbiI6IjEifQ=="}]},{"mode":"managed","type":"null_resource","name":"docker_packaging","provider":"provider[\"registry.opentofu.org/hashicorp/null\"]","instances":[{"schema_version":0,"attributes":{"id":"5573557079280710225","triggers":{"run_at":"2024-12-20T13:05:37Z"}},"sensitive_attributes":[],"dependencies":["aws_ecr_repository.flaskapp_repo","data.aws_caller_identity.current"]}]},{"mode":"managed","type":"random_password","name":"flaskapp_db_password","provider":"provider[\"registry.opentofu.org/hashicorp/random\"]","instances":[{"schema_version":3,"attributes":{"bcrypt_hash":"$2a$10$XS1PBUIrowo8qDrUG5IL5eCCp8Rt9S.qN5AFnFmfPfeQuozpbrfb.","id":"none","keepers":null,"length":24,"lower":true,"min_lower":0,"min_numeric":0,"min_special":0,"min_upper":0,"number":true,"numeric":true,"override_special":"!#%^\u0026*()-_=+[]{}","result":"IMfhmwBP[+bI[ZDO}kYNIlt^","special":true,"upper":true},"sensitive_attributes":[[{"type":"get_attr","value":"bcrypt_hash"}],[{"type":"get_attr","value":"result"}]]}]}],"check_results":null}
